
Microsoft Visual Studio Solution File, Format Version 12.00
# Visual Studio 15
VisualStudioVersion = 15.0.28010.2036
MinimumVisualStudioVersion = 10.0.40219.1
Project("{FAE04EC0-301F-11D3-BF4B-00C04F79EFBC}") = "WebApi", "WebApi\WebApi.csproj", "{4A245746-DCBA-4C84-A6CC-B794D0567285}"
EndProject
Project("{9A19103F-16F7-4668-BE54-9A1E7A4F7556}") = "Infrastructure", "Infrastructure\Infrastructure.csproj", "{260F9A26-CB94-46AF-8C86-704735F53C2F}"
EndProject
Project("{9A19103F-16F7-4668-BE54-9A1E7A4F7556}") = "ApplicationCore", "ApplicationCore\ApplicationCore.csproj", "{46D91D09-9E5B-46A1-8EC6-BCAC805F313E}"
EndProject
Global
	GlobalSection(SolutionConfigurationPlatforms) = preSolution
		Debug|Any CPU = Debug|Any CPU
		Release|Any CPU = Release|Any CPU
	EndGlobalSection
	GlobalSection(ProjectConfigurationPlatforms) = postSolution
		{4A245746-DCBA-4C84-A6CC-B794D0567285}.Debug|Any CPU.ActiveCfg = Debug|Any CPU
		{4A245746-DCBA-4C84-A6CC-B794D0567285}.Debug|Any CPU.Build.0 = Debug|Any CPU
		{4A245746-DCBA-4C84-A6CC-B794D0567285}.Release|Any CPU.ActiveCfg = Release|Any CPU
		{4A245746-DCBA-4C84-A6CC-B794D0567285}.Release|Any CPU.Build.0 = Release|Any CPU
		{260F9A26-CB94-46AF-8C86-704735F53C2F}.Debug|Any CPU.ActiveCfg = Debug|Any CPU
		{260F9A26-CB94-46AF-8C86-704735F53C2F}.Debug|Any CPU.Build.0 = Debug|Any CPU
		{260F9A26-CB94-46AF-8C86-704735F53C2F}.Release|Any CPU.ActiveCfg = Release|Any CPU
		{260F9A26-CB94-46AF-8C86-704735F53C2F}.Release|Any CPU.Build.0 = Release|Any CPU
		{46D91D09-9E5B-46A1-8EC6-BCAC805F313E}.Debug|Any CPU.ActiveCfg = Debug|Any CPU
		{46D91D09-9E5B-46A1-8EC6-BCAC805F313E}.Debug|Any CPU.Build.0 = Debug|Any CPU
		{46D91D09-9E5B-46A1-8EC6-BCAC805F313E}.Release|Any CPU.ActiveCfg = Release|Any CPU
		{46D91D09-9E5B-46A1-8EC6-BCAC805F313E}.Release|Any CPU.Build.0 = Release|Any CPU
	EndGlobalSection
	GlobalSection(SolutionProperties) = preSolution
		HideSolutionNode = FALSE
	EndGlobalSection
	GlobalSection(ExtensibilityGlobals) = postSolution
		SolutionGuid = {D5D5DD92-76CE-465C-8933-D134D8A12014}
	EndGlobalSection
EndGlobal
